
Microsoft Visual Studio Solution File, Format Version 12.00
# Visual Studio 14
VisualStudioVersion = 14.0.25123.0
MinimumVisualStudioVersion = 10.0.40219.1
Project("{FAE04EC0-301F-11D3-BF4B-00C04F79EFBC}") = "AsyncReadWebsite", "AsyncReadWebsite\AsyncReadWebsite.csproj", "{75E1D57A-7A5B-4B81-AB65-36147A7EFAFF}"
EndProject
Project("{FAE04EC0-301F-11D3-BF4B-00C04F79EFBC}") = "Await_Task_Run", "Await_Task_Run\Await_Task_Run.csproj", "{6C0C421B-9821-47D3-BC1A-847E686E73E6}"
EndProject
Project("{FAE04EC0-301F-11D3-BF4B-00C04F79EFBC}") = "HouseMovingComp", "HouseMovingComp\HouseMovingComp.csproj", "{F1661444-205D-4F67-AB47-896E85B57000}"
EndProject
Project("{FAE04EC0-301F-11D3-BF4B-00C04F79EFBC}") = "VolatileTest", "VolatileTest\VolatileTest.csproj", "{2FD3C09E-490F-406B-B1C9-C89A6174BB31}"
EndProject
Global
	GlobalSection(SolutionConfigurationPlatforms) = preSolution
		Debug|Any CPU = Debug|Any CPU
		Release|Any CPU = Release|Any CPU
	EndGlobalSection
	GlobalSection(ProjectConfigurationPlatforms) = postSolution
		{75E1D57A-7A5B-4B81-AB65-36147A7EFAFF}.Debug|Any CPU.ActiveCfg = Debug|Any CPU
		{75E1D57A-7A5B-4B81-AB65-36147A7EFAFF}.Debug|Any CPU.Build.0 = Debug|Any CPU
		{75E1D57A-7A5B-4B81-AB65-36147A7EFAFF}.Release|Any CPU.ActiveCfg = Release|Any CPU
		{75E1D57A-7A5B-4B81-AB65-36147A7EFAFF}.Release|Any CPU.Build.0 = Release|Any CPU
		{6C0C421B-9821-47D3-BC1A-847E686E73E6}.Debug|Any CPU.ActiveCfg = Debug|Any CPU
		{6C0C421B-9821-47D3-BC1A-847E686E73E6}.Debug|Any CPU.Build.0 = Debug|Any CPU
		{6C0C421B-9821-47D3-BC1A-847E686E73E6}.Release|Any CPU.ActiveCfg = Release|Any CPU
		{6C0C421B-9821-47D3-BC1A-847E686E73E6}.Release|Any CPU.Build.0 = Release|Any CPU
		{F1661444-205D-4F67-AB47-896E85B57000}.Debug|Any CPU.ActiveCfg = Debug|Any CPU
		{F1661444-205D-4F67-AB47-896E85B57000}.Debug|Any CPU.Build.0 = Debug|Any CPU
		{F1661444-205D-4F67-AB47-896E85B57000}.Release|Any CPU.ActiveCfg = Release|Any CPU
		{F1661444-205D-4F67-AB47-896E85B57000}.Release|Any CPU.Build.0 = Release|Any CPU
		{2FD3C09E-490F-406B-B1C9-C89A6174BB31}.Debug|Any CPU.ActiveCfg = Debug|Any CPU
		{2FD3C09E-490F-406B-B1C9-C89A6174BB31}.Debug|Any CPU.Build.0 = Debug|Any CPU
		{2FD3C09E-490F-406B-B1C9-C89A6174BB31}.Release|Any CPU.ActiveCfg = Release|Any CPU
		{2FD3C09E-490F-406B-B1C9-C89A6174BB31}.Release|Any CPU.Build.0 = Release|Any CPU
	EndGlobalSection
	GlobalSection(SolutionProperties) = preSolution
		HideSolutionNode = FALSE
	EndGlobalSection
EndGlobal
